
Microsoft Visual Studio Solution File, Format Version 11.00
# Visual Studio 2010
Project("{FAE04EC0-301F-11D3-BF4B-00C04F79EFBC}") = "practica4CsvParser", "practica4CsvParser\practica4CsvParser.csproj", "{AC4A170A-17FA-4BC9-A123-907DA08EB111}"
EndProject
Global
	GlobalSection(SolutionConfigurationPlatforms) = preSolution
		Debug|x86 = Debug|x86
		Release|x86 = Release|x86
	EndGlobalSection
	GlobalSection(ProjectConfigurationPlatforms) = postSolution
		{AC4A170A-17FA-4BC9-A123-907DA08EB111}.Debug|x86.ActiveCfg = Debug|x86
		{AC4A170A-17FA-4BC9-A123-907DA08EB111}.Debug|x86.Build.0 = Debug|x86
		{AC4A170A-17FA-4BC9-A123-907DA08EB111}.Release|x86.ActiveCfg = Release|x86
		{AC4A170A-17FA-4BC9-A123-907DA08EB111}.Release|x86.Build.0 = Release|x86
	EndGlobalSection
	GlobalSection(MonoDevelopProperties) = preSolution
		StartupItem = practica4CsvParser\practica4CsvParser.csproj
	EndGlobalSection
EndGlobal
